
Microsoft Visual Studio Solution File, Format Version 12.00
# Visual Studio Version 17
VisualStudioVersion = 17.5.002.0
MinimumVisualStudioVersion = 10.0.40219.1
Project("{2150E333-8FDC-42A3-9474-1A3956D46DE8}") = "src", "src", "{36F455A3-6767-4300-926B-C5F1932D2217}"
EndProject
Project("{9A19103F-16F7-4668-BE54-9A1E7A4F7556}") = "ASBNApp", "src\ASBNApp\ASBNApp.csproj", "{EAE2219D-BDBF-4C85-863D-356E55B15CE3}"
EndProject
Project("{9A19103F-16F7-4668-BE54-9A1E7A4F7556}") = "ASBNApp.DataAPI", "src\ASBNApp.DataAPI\ASBNApp.DataAPI.csproj", "{998B41B4-03BF-4D1B-A31D-152969CE4170}"
EndProject
Global
	GlobalSection(SolutionConfigurationPlatforms) = preSolution
		Debug|Any CPU = Debug|Any CPU
		Release|Any CPU = Release|Any CPU
	EndGlobalSection
	GlobalSection(ProjectConfigurationPlatforms) = postSolution
		{EAE2219D-BDBF-4C85-863D-356E55B15CE3}.Debug|Any CPU.ActiveCfg = Debug|Any CPU
		{EAE2219D-BDBF-4C85-863D-356E55B15CE3}.Debug|Any CPU.Build.0 = Debug|Any CPU
		{EAE2219D-BDBF-4C85-863D-356E55B15CE3}.Release|Any CPU.ActiveCfg = Release|Any CPU
		{EAE2219D-BDBF-4C85-863D-356E55B15CE3}.Release|Any CPU.Build.0 = Release|Any CPU
		{998B41B4-03BF-4D1B-A31D-152969CE4170}.Debug|Any CPU.ActiveCfg = Debug|Any CPU
		{998B41B4-03BF-4D1B-A31D-152969CE4170}.Debug|Any CPU.Build.0 = Debug|Any CPU
		{998B41B4-03BF-4D1B-A31D-152969CE4170}.Release|Any CPU.ActiveCfg = Release|Any CPU
		{998B41B4-03BF-4D1B-A31D-152969CE4170}.Release|Any CPU.Build.0 = Release|Any CPU
	EndGlobalSection
	GlobalSection(SolutionProperties) = preSolution
		HideSolutionNode = FALSE
	EndGlobalSection
	GlobalSection(NestedProjects) = preSolution
		{EAE2219D-BDBF-4C85-863D-356E55B15CE3} = {36F455A3-6767-4300-926B-C5F1932D2217}
		{998B41B4-03BF-4D1B-A31D-152969CE4170} = {36F455A3-6767-4300-926B-C5F1932D2217}
	EndGlobalSection
	GlobalSection(ExtensibilityGlobals) = postSolution
		SolutionGuid = {223FE9FC-7B77-435A-8B6F-FDB9F2609BBB}
	EndGlobalSection
EndGlobal
